// !$*UTF8*$!
{
	archiveVersion = 1;
	classes = {
	};
	objectVersion = 46;
	objects = {

/* Begin PBXBuildFile section */
		66C831FA1BCDFA3500DF59F6 /* main.m in Sources */ = {isa = PBXBuildFile; fileRef = 66C831F91BCDFA3500DF59F6 /* main.m */; };
		66C832021BCDFA4800DF59F6 /* ArcTest.m in Sources */ = {isa = PBXBuildFile; fileRef = 66C832011BCDFA4800DF59F6 /* ArcTest.m */; settings = {ASSET_TAGS = (); }; };
/* End PBXBuildFile section */

/* Begin PBXCopyFilesBuildPhase section */
		66C831F41BCDFA3500DF59F6 /* CopyFiles */ = {
			isa = PBXCopyFilesBuildPhase;
			buildActionMask = 2147483647;
			dstPath = /usr/share/man/man1/;
			dstSubfolderSpec = 0;
			files = (
			);
			runOnlyForDeploymentPostprocessing = 1;
		};
/* End PBXCopyFilesBuildPhase section */

/* Begin PBXFileReference section */
		66C831F61BCDFA3500DF59F6 /* ARCTest */ = {isa = PBXFileReference; explicitFileType = "compiled.mach-o.executable"; includeInIndex = 0; path = ARCTest; sourceTree = BUILT_PRODUCTS_DIR; };
		66C831F91BCDFA3500DF59F6 /* main.m */ = {isa = PBXFileReference; lastKnownFileType = sourcecode.c.objc; path = main.m; sourceTree = "<group>"; };
		66C832001BCDFA4800DF59F6 /* ArcTest.h */ = {isa = PBXFileReference; fileEncoding = 4; lastKnownFileType = sourcecode.c.h; path = ArcTest.h; sourceTree = "<group>"; };
		66C832011BCDFA4800DF59F6 /* ArcTest.m */ = {isa = PBXFileReference; fileEncoding = 4; lastKnownFileType = sourcecode.c.objc; path = ArcTest.m; sourceTree = "<group>"; };
/* End PBXFileReference section */

/* Begin PBXFrameworksBuildPhase section */
		66C831F31BCDFA3500DF59F6 /* Frameworks */ = {
			isa = PBXFrameworksBuildPhase;
			buildActionMask = 2147483647;
			files = (
			);
			runOnlyForDeploymentPostprocessing = 0;
		};
/* End PBXFrameworksBuildPhase section */

/* Begin PBXGroup section */
		66C831ED1BCDFA3500DF59F6 = {
			isa = PBXGroup;
			children = (
				66C831F81BCDFA3500DF59F6 /* ARCTest */,
				66C831F71BCDFA3500DF59F6 /* Products */,
			);
			sourceTree = "<group>";
		};
		66C831F71BCDFA3500DF59F6 /* Products */ = {
			isa = PBXGroup;
			children = (
				66C831F61BCDFA3500DF59F6 /* ARCTest */,
			);
			name = Products;
			sourceTree = "<group>";
		};
		66C831F81BCDFA3500DF59F6 /* ARCTest */ = {
			isa = PBXGroup;
			children = (
				66C831F91BCDFA3500DF59F6 /* main.m */,
				66C832001BCDFA4800DF59F6 /* ArcTest.h */,
				66C832011BCDFA4800DF59F6 /* ArcTest.m */,
			);
			path = ARCTest;
			sourceTree = "<group>";
		};
/* End PBXGroup section */

/* Begin PBXNativeTarget section */
		66C831F51BCDFA3500DF59F6 /* ARCTest */ = {
			isa = PBXNativeTarget;
			buildConfigurationList = 66C831FD1BCDFA3500DF59F6 /* Build configuration list for PBXNativeTarget "ARCTest" */;
			buildPhases = (
				66C831F21BCDFA3500DF59F6 /* Sources */,
				66C831F31BCDFA3500DF59F6 /* Frameworks */,
				66C831F41BCDFA3500DF59F6 /* CopyFiles */,
			);
			buildRules = (
			);
			dependencies = (
			);
			name = ARCTest;
			productName = ARCTest;
			productReference = 66C831F61BCDFA3500DF59F6 /* ARCTest */;
			productType = "com.apple.product-type.tool";
		};
/* End PBXNativeTarget section */

/* Begin PBXProject section */
		66C831EE1BCDFA3500DF59F6 /* Project object */ = {
			isa = PBXProject;
			attributes = {
				LastUpgradeCheck = 0700;
				ORGANIZATIONNAME = renhe.cn;
				TargetAttributes = {
					66C831F51BCDFA3500DF59F6 = {
						CreatedOnToolsVersion = 7.0;
					};
				};
			};
			buildConfigurationList = 66C831F11BCDFA3500DF59F6 /* Build configuration list for PBXProject "ARCTest" */;
			compatibilityVersion = "Xcode 3.2";
			developmentRegion = English;
			hasScannedForEncodings = 0;
			knownRegions = (
				en,
			);
			mainGroup = 66C831ED1BCDFA3500DF59F6;
			productRefGroup = 66C831F71BCDFA3500DF59F6 /* Products */;
			projectDirPath = "";
			projectRoot = "";
			targets = (
				66C831F51BCDFA3500DF59F6 /* ARCTest */,
			);
		};
/* End PBXProject section */

/* Begin PBXSourcesBuildPhase section */
		66C831F21BCDFA3500DF59F6 /* Sources */ = {
			isa = PBXSourcesBuildPhase;
			buildActionMask = 2147483647;
			files = (
				66C832021BCDFA4800DF59F6 /* ArcTest.m in Sources */,
				66C831FA1BCDFA3500DF59F6 /* main.m in Sources */,
			);
			runOnlyForDeploymentPostprocessing = 0;
		};
/* End PBXSourcesBuildPhase section */

/* Begin XCBuildConfiguration section */
		66C831FB1BCDFA3500DF59F6 /* Debug */ = {
			isa = XCBuildConfiguration;
			buildSettings = {
				ALWAYS_SEARCH_USER_PATHS = NO;
				CLANG_CXX_LANGUAGE_STANDARD = "gnu++0x";
				CLANG_CXX_LIBRARY = "libc++";
				CLANG_ENABLE_MODULES = YES;
				CLANG_ENABLE_OBJC_ARC = YES;
				CLANG_WARN_BOOL_CONVERSION = YES;
				CLANG_WARN_CONSTANT_CONVERSION = YES;
				CLANG_WARN_DIRECT_OBJC_ISA_USAGE = YES_ERROR;
				CLANG_WARN_EMPTY_BODY = YES;
				CLANG_WARN_ENUM_CONVERSION = YES;
				CLANG_WARN_INT_CONVERSION = YES;
				CLANG_WARN_OBJC_ROOT_CLASS = YES_ERROR;
				CLANG_WARN_UNREACHABLE_CODE = YES;
				CLANG_WARN__DUPLICATE_METHOD_MATCH = YES;
				COPY_PHASE_STRIP = NO;
				DEBUG_INFORMATION_FORMAT = dwarf;
				ENABLE_STRICT_OBJC_MSGSEND = YES;
				ENABLE_TESTABILITY = YES;
				GCC_C_LANGUAGE_STANDARD = gnu99;
				GCC_DYNAMIC_NO_PIC = NO;
				GCC_NO_COMMON_BLOCKS = YES;
				GCC_OPTIMIZATION_LEVEL = 0;
				GCC_PREPROCESSOR_DEFINITIONS = (
					"DEBUG=1",
					"$(inherited)",
				);
				GCC_WARN_64_TO_32_BIT_CONVERSION = YES;
				GCC_WARN_ABOUT_RETURN_TYPE = YES_ERROR;
				GCC_WARN_UNDECLARED_SELECTOR = YES;
				GCC_WARN_UNINITIALIZED_AUTOS = YES_AGGRESSIVE;
				GCC_WARN_UNUSED_FUNCTION = YES;
				GCC_WARN_UNUSED_VARIABLE = YES;
				MACOSX_DEPLOYMENT_TARGET = 10.10;
				MTL_ENABLE_DEBUG_INFO = YES;
				ONLY_ACTIVE_ARCH = YES;
				SDKROOT = macosx;
			};
			name = Debug;
		};
		66C831FC1BCDFA3500DF59F6 /* Release */ = {
			isa = XCBuildConfiguration;
			buildSettings = {
				ALWAYS_SEARCH_USER_PATHS = NO;
				CLANG_CXX_LANGUAGE_STANDARD = "gnu++0x";
				CLANG_CXX_LIBRARY = "libc++";
				CLANG_ENABLE_MODULES = YES;
				CLANG_ENABLE_OBJC_ARC = YES;
				CLANG_WARN_BOOL_CONVERSION = YES;
				CLANG_WARN_CONSTANT_CONVERSION = YES;
				CLANG_WARN_DIRECT_OBJC_ISA_USAGE = YES_ERROR;
				CLANG_WARN_EMPTY_BODY = YES;
				CLANG_WARN_ENUM_CONVERSION = YES;
				CLANG_WARN_INT_CONVERSION = YES;
				CLANG_WARN_OBJC_ROOT_CLASS = YES_ERROR;
				CLANG_WARN_UNREACHABLE_CODE = YES;
				CLANG_WARN__DUPLICATE_METHOD_MATCH = YES;
				COPY_PHASE_STRIP = NO;
				DEBUG_INFORMATION_FORMAT = "dwarf-with-dsym";
				ENABLE_NS_ASSERTIONS = NO;
				ENABLE_STRICT_OBJC_MSGSEND = YES;
				GCC_C_LANGUAGE_STANDARD = gnu99;
				GCC_NO_COMMON_BLOCKS = YES;
				GCC_WARN_64_TO_32_BIT_CONVERSION = YES;
				GCC_WARN_ABOUT_RETURN_TYPE = YES_ERROR;
				GCC_WARN_UNDECLARED_SELECTOR = YES;
				GCC_WARN_UNINITIALIZED_AUTOS = YES_AGGRESSIVE;
				GCC_WARN_UNUSED_FUNCTION = YES;
				GCC_WARN_UNUSED_VARIABLE = YES;
				MACOSX_DEPLOYMENT_TARGET = 10.10;
				MTL_ENABLE_DEBUG_INFO = NO;
				SDKROOT = macosx;
			};
			name = Release;
		};
		66C831FE1BCDFA3500DF59F6 /* Debug */ = {
			isa = XCBuildConfiguration;
			buildSettings = {
				PRODUCT_NAME = "$(TARGET_NAME)";
			};
			name = Debug;
		};
		66C831FF1BCDFA3500DF59F6 /* Release */ = {
			isa = XCBuildConfiguration;
			buildSettings = {
				PRODUCT_NAME = "$(TARGET_NAME)";
			};
			name = Release;
		};
/* End XCBuildConfiguration section */

/* Begin XCConfigurationList section */
		66C831F11BCDFA3500DF59F6 /* Build configuration list for PBXProject "ARCTest" */ = {
			isa = XCConfigurationList;
			buildConfigurations = (
				66C831FB1BCDFA3500DF59F6 /* Debug */,
				66C831FC1BCDFA3500DF59F6 /* Release */,
			);
			defaultConfigurationIsVisible = 0;
			defaultConfigurationName = Release;
		};
		66C831FD1BCDFA3500DF59F6 /* Build configuration list for PBXNativeTarget "ARCTest" */ = {
			isa = XCConfigurationList;
			buildConfigurations = (
				66C831FE1BCDFA3500DF59F6 /* Debug */,
				66C831FF1BCDFA3500DF59F6 /* Release */,
			);
			defaultConfigurationIsVisible = 0;
		};
/* End XCConfigurationList section */
	};
	rootObject = 66C831EE1BCDFA3500DF59F6 /* Project object */;
}
